// !$*UTF8*$!
{
	archiveVersion = 1;
	classes = {
	};
	objectVersion = 46;
	objects = {

/* Begin PBXBuildFile section */
		50D0331C1DCACF4F009523D6 /* main.m in Sources */ = {isa = PBXBuildFile; fileRef = 50D0331B1DCACF4F009523D6 /* main.m */; };
		50D0331F1DCACF4F009523D6 /* AppDelegate.m in Sources */ = {isa = PBXBuildFile; fileRef = 50D0331E1DCACF4F009523D6 /* AppDelegate.m */; };
		50D033221DCACF4F009523D6 /* ViewController.m in Sources */ = {isa = PBXBuildFile; fileRef = 50D033211DCACF4F009523D6 /* ViewController.m */; };
		50D033251DCACF4F009523D6 /* Main.storyboard in Resources */ = {isa = PBXBuildFile; fileRef = 50D033231DCACF4F009523D6 /* Main.storyboard */; };
		50D033271DCACF4F009523D6 /* Assets.xcassets in Resources */ = {isa = PBXBuildFile; fileRef = 50D033261DCACF4F009523D6 /* Assets.xcassets */; };
		50D0332A1DCACF4F009523D6 /* LaunchScreen.storyboard in Resources */ = {isa = PBXBuildFile; fileRef = 50D033281DCACF4F009523D6 /* LaunchScreen.storyboard */; };
		50D033351DCACF4F009523D6 /* testTests.m in Sources */ = {isa = PBXBuildFile; fileRef = 50D033341DCACF4F009523D6 /* testTests.m */; };
		50D033401DCACF4F009523D6 /* testUITests.m in Sources */ = {isa = PBXBuildFile; fileRef = 50D0333F1DCACF4F009523D6 /* testUITests.m */; };
/* End PBXBuildFile section */

/* Begin PBXContainerItemProxy section */
		50D033311DCACF4F009523D6 /* PBXContainerItemProxy */ = {
			isa = PBXContainerItemProxy;
			containerPortal = 50D0330F1DCACF4F009523D6 /* Project object */;
			proxyType = 1;
			remoteGlobalIDString = 50D033161DCACF4F009523D6;
			remoteInfo = test;
		};
		50D0333C1DCACF4F009523D6 /* PBXContainerItemProxy */ = {
			isa = PBXContainerItemProxy;
			containerPortal = 50D0330F1DCACF4F009523D6 /* Project object */;
			proxyType = 1;
			remoteGlobalIDString = 50D033161DCACF4F009523D6;
			remoteInfo = test;
		};
/* End PBXContainerItemProxy section */

/* Begin PBXFileReference section */
		50D033171DCACF4F009523D6 /* test.app */ = {isa = PBXFileReference; explicitFileType = wrapper.application; includeInIndex = 0; path = test.app; sourceTree = BUILT_PRODUCTS_DIR; };
		50D0331B1DCACF4F009523D6 /* main.m */ = {isa = PBXFileReference; lastKnownFileType = sourcecode.c.objc; path = main.m; sourceTree = "<group>"; };
		50D0331D1DCACF4F009523D6 /* AppDelegate.h */ = {isa = PBXFileReference; lastKnownFileType = sourcecode.c.h; path = AppDelegate.h; sourceTree = "<group>"; };
		50D0331E1DCACF4F009523D6 /* AppDelegate.m */ = {isa = PBXFileReference; lastKnownFileType = sourcecode.c.objc; path = AppDelegate.m; sourceTree = "<group>"; };
		50D033201DCACF4F009523D6 /* ViewController.h */ = {isa = PBXFileReference; lastKnownFileType = sourcecode.c.h; path = ViewController.h; sourceTree = "<group>"; };
		50D033211DCACF4F009523D6 /* ViewController.m */ = {isa = PBXFileReference; lastKnownFileType = sourcecode.c.objc; path = ViewController.m; sourceTree = "<group>"; };
		50D033241DCACF4F009523D6 /* Base */ = {isa = PBXFileReference; lastKnownFileType = file.storyboard; name = Base; path = Base.lproj/Main.storyboard; sourceTree = "<group>"; };
		50D033261DCACF4F009523D6 /* Assets.xcassets */ = {isa = PBXFileReference; lastKnownFileType = folder.assetcatalog; path = Assets.xcassets; sourceTree = "<group>"; };
		50D033291DCACF4F009523D6 /* Base */ = {isa = PBXFileReference; lastKnownFileType = file.storyboard; name = Base; path = Base.lproj/LaunchScreen.storyboard; sourceTree = "<group>"; };
		50D0332B1DCACF4F009523D6 /* Info.plist */ = {isa = PBXFileReference; lastKnownFileType = text.plist.xml; path = Info.plist; sourceTree = "<group>"; };
		50D033301DCACF4F009523D6 /* testTests.xctest */ = {isa = PBXFileReference; explicitFileType = wrapper.cfbundle; includeInIndex = 0; path = testTests.xctest; sourceTree = BUILT_PRODUCTS_DIR; };
		50D033341DCACF4F009523D6 /* testTests.m */ = {isa = PBXFileReference; lastKnownFileType = sourcecode.c.objc; path = testTests.m; sourceTree = "<group>"; };
		50D033361DCACF4F009523D6 /* Info.plist */ = {isa = PBXFileReference; lastKnownFileType = text.plist.xml; path = Info.plist; sourceTree = "<group>"; };
		50D0333B1DCACF4F009523D6 /* testUITests.xctest */ = {isa = PBXFileReference; explicitFileType = wrapper.cfbundle; includeInIndex = 0; path = testUITests.xctest; sourceTree = BUILT_PRODUCTS_DIR; };
		50D0333F1DCACF4F009523D6 /* testUITests.m */ = {isa = PBXFileReference; lastKnownFileType = sourcecode.c.objc; path = testUITests.m; sourceTree = "<group>"; };
		50D033411DCACF4F009523D6 /* Info.plist */ = {isa = PBXFileReference; lastKnownFileType = text.plist.xml; path = Info.plist; sourceTree = "<group>"; };
/* End PBXFileReference section */

/* Begin PBXFrameworksBuildPhase section */
		50D033141DCACF4F009523D6 /* Frameworks */ = {
			isa = PBXFrameworksBuildPhase;
			buildActionMask = 2147483647;
			files = (
			);
			runOnlyForDeploymentPostprocessing = 0;
		};
		50D0332D1DCACF4F009523D6 /* Frameworks */ = {
			isa = PBXFrameworksBuildPhase;
			buildActionMask = 2147483647;
			files = (
			);
			runOnlyForDeploymentPostprocessing = 0;
		};
		50D033381DCACF4F009523D6 /* Frameworks */ = {
			isa = PBXFrameworksBuildPhase;
			buildActionMask = 2147483647;
			files = (
			);
			runOnlyForDeploymentPostprocessing = 0;
		};
/* End PBXFrameworksBuildPhase section */

/* Begin PBXGroup section */
		50D0330E1DCACF4F009523D6 = {
			isa = PBXGroup;
			children = (
				50D033191DCACF4F009523D6 /* test */,
				50D033331DCACF4F009523D6 /* testTests */,
				50D0333E1DCACF4F009523D6 /* testUITests */,
				50D033181DCACF4F009523D6 /* Products */,
			);
			sourceTree = "<group>";
		};
		50D033181DCACF4F009523D6 /* Products */ = {
			isa = PBXGroup;
			children = (
				50D033171DCACF4F009523D6 /* test.app */,
				50D033301DCACF4F009523D6 /* testTests.xctest */,
				50D0333B1DCACF4F009523D6 /* testUITests.xctest */,
			);
			name = Products;
			sourceTree = "<group>";
		};
		50D033191DCACF4F009523D6 /* test */ = {
			isa = PBXGroup;
			children = (
				50D0331D1DCACF4F009523D6 /* AppDelegate.h */,
				50D0331E1DCACF4F009523D6 /* AppDelegate.m */,
				50D033201DCACF4F009523D6 /* ViewController.h */,
				50D033211DCACF4F009523D6 /* ViewController.m */,
				50D033231DCACF4F009523D6 /* Main.storyboard */,
				50D033261DCACF4F009523D6 /* Assets.xcassets */,
				50D033281DCACF4F009523D6 /* LaunchScreen.storyboard */,
				50D0332B1DCACF4F009523D6 /* Info.plist */,
				50D0331A1DCACF4F009523D6 /* Supporting Files */,
			);
			path = test;
			sourceTree = "<group>";
		};
		50D0331A1DCACF4F009523D6 /* Supporting Files */ = {
			isa = PBXGroup;
			children = (
				50D0331B1DCACF4F009523D6 /* main.m */,
			);
			name = "Supporting Files";
			sourceTree = "<group>";
		};
		50D033331DCACF4F009523D6 /* testTests */ = {
			isa = PBXGroup;
			children = (
				50D033341DCACF4F009523D6 /* testTests.m */,
				50D033361DCACF4F009523D6 /* Info.plist */,
			);
			path = testTests;
			sourceTree = "<group>";
		};
		50D0333E1DCACF4F009523D6 /* testUITests */ = {
			isa = PBXGroup;
			children = (
				50D0333F1DCACF4F009523D6 /* testUITests.m */,
				50D033411DCACF4F009523D6 /* Info.plist */,
			);
			path = testUITests;
			sourceTree = "<group>";
		};
/* End PBXGroup section */

/* Begin PBXNativeTarget section */
		50D033161DCACF4F009523D6 /* test */ = {
			isa = PBXNativeTarget;
			buildConfigurationList = 50D033441DCACF4F009523D6 /* Build configuration list for PBXNativeTarget "test" */;
			buildPhases = (
				50D033131DCACF4F009523D6 /* Sources */,
				50D033141DCACF4F009523D6 /* Frameworks */,
				50D033151DCACF4F009523D6 /* Resources */,
			);
			buildRules = (
			);
			dependencies = (
			);
			name = test;
			productName = test;
			productReference = 50D033171DCACF4F009523D6 /* test.app */;
			productType = "com.apple.product-type.application";
		};
		50D0332F1DCACF4F009523D6 /* testTests */ = {
			isa = PBXNativeTarget;
			buildConfigurationList = 50D033471DCACF4F009523D6 /* Build configuration list for PBXNativeTarget "testTests" */;
			buildPhases = (
				50D0332C1DCACF4F009523D6 /* Sources */,
				50D0332D1DCACF4F009523D6 /* Frameworks */,
				50D0332E1DCACF4F009523D6 /* Resources */,
			);
			buildRules = (
			);
			dependencies = (
				50D033321DCACF4F009523D6 /* PBXTargetDependency */,
			);
			name = testTests;
			productName = testTests;
			productReference = 50D033301DCACF4F009523D6 /* testTests.xctest */;
			productType = "com.apple.product-type.bundle.unit-test";
		};
		50D0333A1DCACF4F009523D6 /* testUITests */ = {
			isa = PBXNativeTarget;
			buildConfigurationList = 50D0334A1DCACF4F009523D6 /* Build configuration list for PBXNativeTarget "testUITests" */;
			buildPhases = (
				50D033371DCACF4F009523D6 /* Sources */,
				50D033381DCACF4F009523D6 /* Frameworks */,
				50D033391DCACF4F009523D6 /* Resources */,
			);
			buildRules = (
			);
			dependencies = (
				50D0333D1DCACF4F009523D6 /* PBXTargetDependency */,
			);
			name = testUITests;
			productName = testUITests;
			productReference = 50D0333B1DCACF4F009523D6 /* testUITests.xctest */;
			productType = "com.apple.product-type.bundle.ui-testing";
		};
/* End PBXNativeTarget section */

/* Begin PBXProject section */
		50D0330F1DCACF4F009523D6 /* Project object */ = {
			isa = PBXProject;
			attributes = {
				LastUpgradeCheck = 0720;
				ORGANIZATIONNAME = niuy;
				TargetAttributes = {
					50D033161DCACF4F009523D6 = {
						CreatedOnToolsVersion = 7.2.1;
					};
					50D0332F1DCACF4F009523D6 = {
						CreatedOnToolsVersion = 7.2.1;
						TestTargetID = 50D033161DCACF4F009523D6;
					};
					50D0333A1DCACF4F009523D6 = {
						CreatedOnToolsVersion = 7.2.1;
						TestTargetID = 50D033161DCACF4F009523D6;
					};
				};
			};
			buildConfigurationList = 50D033121DCACF4F009523D6 /* Build configuration list for PBXProject "test" */;
			compatibilityVersion = "Xcode 3.2";
			developmentRegion = English;
			hasScannedForEncodings = 0;
			knownRegions = (
				en,
				Base,
			);
			mainGroup = 50D0330E1DCACF4F009523D6;
			productRefGroup = 50D033181DCACF4F009523D6 /* Products */;
			projectDirPath = "";
			projectRoot = "";
			targets = (
				50D033161DCACF4F009523D6 /* test */,
				50D0332F1DCACF4F009523D6 /* testTests */,
				50D0333A1DCACF4F009523D6 /* testUITests */,
			);
		};
/* End PBXProject section */

/* Begin PBXResourcesBuildPhase section */
		50D033151DCACF4F009523D6 /* Resources */ = {
			isa = PBXResourcesBuildPhase;
			buildActionMask = 2147483647;
			files = (
				50D0332A1DCACF4F009523D6 /* LaunchScreen.storyboard in Resources */,
				50D033271DCACF4F009523D6 /* Assets.xcassets in Resources */,
				50D033251DCACF4F009523D6 /* Main.storyboard in Resources */,
			);
			runOnlyForDeploymentPostprocessing = 0;
		};
		50D0332E1DCACF4F009523D6 /* Resources */ = {
			isa = PBXResourcesBuildPhase;
			buildActionMask = 2147483647;
			files = (
			);
			runOnlyForDeploymentPostprocessing = 0;
		};
		50D033391DCACF4F009523D6 /* Resources */ = {
			isa = PBXResourcesBuildPhase;
			buildActionMask = 2147483647;
			files = (
			);
			runOnlyForDeploymentPostprocessing = 0;
		};
/* End PBXResourcesBuildPhase section */

/* Begin PBXSourcesBuildPhase section */
		50D033131DCACF4F009523D6 /* Sources */ = {
			isa = PBXSourcesBuildPhase;
			buildActionMask = 2147483647;
			files = (
				50D033221DCACF4F009523D6 /* ViewController.m in Sources */,
				50D0331F1DCACF4F009523D6 /* AppDelegate.m in Sources */,
				50D0331C1DCACF4F009523D6 /* main.m in Sources */,
			);
			runOnlyForDeploymentPostprocessing = 0;
		};
		50D0332C1DCACF4F009523D6 /* Sources */ = {
			isa = PBXSourcesBuildPhase;
			buildActionMask = 2147483647;
			files = (
				50D033351DCACF4F009523D6 /* testTests.m in Sources */,
			);
			runOnlyForDeploymentPostprocessing = 0;
		};
		50D033371DCACF4F009523D6 /* Sources */ = {
			isa = PBXSourcesBuildPhase;
			buildActionMask = 2147483647;
			files = (
				50D033401DCACF4F009523D6 /* testUITests.m in Sources */,
			);
			runOnlyForDeploymentPostprocessing = 0;
		};
/* End PBXSourcesBuildPhase section */

/* Begin PBXTargetDependency section */
		50D033321DCACF4F009523D6 /* PBXTargetDependency */ = {
			isa = PBXTargetDependency;
			target = 50D033161DCACF4F009523D6 /* test */;
			targetProxy = 50D033311DCACF4F009523D6 /* PBXContainerItemProxy */;
		};
		50D0333D1DCACF4F009523D6 /* PBXTargetDependency */ = {
			isa = PBXTargetDependency;
			target = 50D033161DCACF4F009523D6 /* test */;
			targetProxy = 50D0333C1DCACF4F009523D6 /* PBXContainerItemProxy */;
		};
/* End PBXTargetDependency section */

/* Begin PBXVariantGroup section */
		50D033231DCACF4F009523D6 /* Main.storyboard */ = {
			isa = PBXVariantGroup;
			children = (
				50D033241DCACF4F009523D6 /* Base */,
			);
			name = Main.storyboard;
			sourceTree = "<group>";
		};
		50D033281DCACF4F009523D6 /* LaunchScreen.storyboard */ = {
			isa = PBXVariantGroup;
			children = (
				50D033291DCACF4F009523D6 /* Base */,
			);
			name = LaunchScreen.storyboard;
			sourceTree = "<group>";
		};
/* End PBXVariantGroup section */

/* Begin XCBuildConfiguration section */
		50D033421DCACF4F009523D6 /* Debug */ = {
			isa = XCBuildConfiguration;
			buildSettings = {
				ALWAYS_SEARCH_USER_PATHS = NO;
				CLANG_CXX_LANGUAGE_STANDARD = "gnu++0x";
				CLANG_CXX_LIBRARY = "libc++";
				CLANG_ENABLE_MODULES = YES;
				CLANG_ENABLE_OBJC_ARC = YES;
				CLANG_WARN_BOOL_CONVERSION = YES;
				CLANG_WARN_CONSTANT_CONVERSION = YES;
				CLANG_WARN_DIRECT_OBJC_ISA_USAGE = YES_ERROR;
				CLANG_WARN_EMPTY_BODY = YES;
				CLANG_WARN_ENUM_CONVERSION = YES;
				CLANG_WARN_INT_CONVERSION = YES;
				CLANG_WARN_OBJC_ROOT_CLASS = YES_ERROR;
				CLANG_WARN_UNREACHABLE_CODE = YES;
				CLANG_WARN__DUPLICATE_METHOD_MATCH = YES;
				"CODE_SIGN_IDENTITY[sdk=iphoneos*]" = "iPhone Developer";
				COPY_PHASE_STRIP = NO;
				DEBUG_INFORMATION_FORMAT = dwarf;
				ENABLE_STRICT_OBJC_MSGSEND = YES;
				ENABLE_TESTABILITY = YES;
				GCC_C_LANGUAGE_STANDARD = gnu99;
				GCC_DYNAMIC_NO_PIC = NO;
				GCC_NO_COMMON_BLOCKS = YES;
				GCC_OPTIMIZATION_LEVEL = 0;
				GCC_PREPROCESSOR_DEFINITIONS = (
					"DEBUG=1",
					"$(inherited)",
				);
				GCC_WARN_64_TO_32_BIT_CONVERSION = YES;
				GCC_WARN_ABOUT_RETURN_TYPE = YES_ERROR;
				GCC_WARN_UNDECLARED_SELECTOR = YES;
				GCC_WARN_UNINITIALIZED_AUTOS = YES_AGGRESSIVE;
				GCC_WARN_UNUSED_FUNCTION = YES;
				GCC_WARN_UNUSED_VARIABLE = YES;
				IPHONEOS_DEPLOYMENT_TARGET = 9.2;
				MTL_ENABLE_DEBUG_INFO = YES;
				ONLY_ACTIVE_ARCH = YES;
				SDKROOT = iphoneos;
				TARGETED_DEVICE_FAMILY = "1,2";
			};
			name = Debug;
		};
		50D033431DCACF4F009523D6 /* Release */ = {
			isa = XCBuildConfiguration;
			buildSettings = {
				ALWAYS_SEARCH_USER_PATHS = NO;
				CLANG_CXX_LANGUAGE_STANDARD = "gnu++0x";
				CLANG_CXX_LIBRARY = "libc++";
				CLANG_ENABLE_MODULES = YES;
				CLANG_ENABLE_OBJC_ARC = YES;
				CLANG_WARN_BOOL_CONVERSION = YES;
				CLANG_WARN_CONSTANT_CONVERSION = YES;
				CLANG_WARN_DIRECT_OBJC_ISA_USAGE = YES_ERROR;
				CLANG_WARN_EMPTY_BODY = YES;
				CLANG_WARN_ENUM_CONVERSION = YES;
				CLANG_WARN_INT_CONVERSION = YES;
				CLANG_WARN_OBJC_ROOT_CLASS = YES_ERROR;
				CLANG_WARN_UNREACHABLE_CODE = YES;
				CLANG_WARN__DUPLICATE_METHOD_MATCH = YES;
				"CODE_SIGN_IDENTITY[sdk=iphoneos*]" = "iPhone Developer";
				COPY_PHASE_STRIP = NO;
				DEBUG_INFORMATION_FORMAT = "dwarf-with-dsym";
				ENABLE_NS_ASSERTIONS = NO;
				ENABLE_STRICT_OBJC_MSGSEND = YES;
				GCC_C_LANGUAGE_STANDARD = gnu99;
				GCC_NO_COMMON_BLOCKS = YES;
				GCC_WARN_64_TO_32_BIT_CONVERSION = YES;
				GCC_WARN_ABOUT_RETURN_TYPE = YES_ERROR;
				GCC_WARN_UNDECLARED_SELECTOR = YES;
				GCC_WARN_UNINITIALIZED_AUTOS = YES_AGGRESSIVE;
				GCC_WARN_UNUSED_FUNCTION = YES;
				GCC_WARN_UNUSED_VARIABLE = YES;
				IPHONEOS_DEPLOYMENT_TARGET = 9.2;
				MTL_ENABLE_DEBUG_INFO = NO;
				SDKROOT = iphoneos;
				TARGETED_DEVICE_FAMILY = "1,2";
				VALIDATE_PRODUCT = YES;
			};
			name = Release;
		};
		50D033451DCACF4F009523D6 /* Debug */ = {
			isa = XCBuildConfiguration;
			buildSettings = {
				ASSETCATALOG_COMPILER_APPICON_NAME = AppIcon;
				INFOPLIST_FILE = test/Info.plist;
				LD_RUNPATH_SEARCH_PATHS = "$(inherited) @executable_path/Frameworks";
				PRODUCT_BUNDLE_IDENTIFIER = "----.test";
				PRODUCT_NAME = "$(TARGET_NAME)";
			};
			name = Debug;
		};
		50D033461DCACF4F009523D6 /* Release */ = {
			isa = XCBuildConfiguration;
			buildSettings = {
				ASSETCATALOG_COMPILER_APPICON_NAME = AppIcon;
				INFOPLIST_FILE = test/Info.plist;
				LD_RUNPATH_SEARCH_PATHS = "$(inherited) @executable_path/Frameworks";
				PRODUCT_BUNDLE_IDENTIFIER = "----.test";
				PRODUCT_NAME = "$(TARGET_NAME)";
			};
			name = Release;
		};
		50D033481DCACF4F009523D6 /* Debug */ = {
			isa = XCBuildConfiguration;
			buildSettings = {
				BUNDLE_LOADER = "$(TEST_HOST)";
				INFOPLIST_FILE = testTests/Info.plist;
				LD_RUNPATH_SEARCH_PATHS = "$(inherited) @executable_path/Frameworks @loader_path/Frameworks";
				PRODUCT_BUNDLE_IDENTIFIER = "----.testTests";
				PRODUCT_NAME = "$(TARGET_NAME)";
				TEST_HOST = "$(BUILT_PRODUCTS_DIR)/test.app/test";
			};
			name = Debug;
		};
		50D033491DCACF4F009523D6 /* Release */ = {
			isa = XCBuildConfiguration;
			buildSettings = {
				BUNDLE_LOADER = "$(TEST_HOST)";
				INFOPLIST_FILE = testTests/Info.plist;
				LD_RUNPATH_SEARCH_PATHS = "$(inherited) @executable_path/Frameworks @loader_path/Frameworks";
				PRODUCT_BUNDLE_IDENTIFIER = "----.testTests";
				PRODUCT_NAME = "$(TARGET_NAME)";
				TEST_HOST = "$(BUILT_PRODUCTS_DIR)/test.app/test";
			};
			name = Release;
		};
		50D0334B1DCACF4F009523D6 /* Debug */ = {
			isa = XCBuildConfiguration;
			buildSettings = {
				INFOPLIST_FILE = testUITests/Info.plist;
				LD_RUNPATH_SEARCH_PATHS = "$(inherited) @executable_path/Frameworks @loader_path/Frameworks";
				PRODUCT_BUNDLE_IDENTIFIER = "----.testUITests";
				PRODUCT_NAME = "$(TARGET_NAME)";
				TEST_TARGET_NAME = test;
				USES_XCTRUNNER = YES;
			};
			name = Debug;
		};
		50D0334C1DCACF4F009523D6 /* Release */ = {
			isa = XCBuildConfiguration;
			buildSettings = {
				INFOPLIST_FILE = testUITests/Info.plist;
				LD_RUNPATH_SEARCH_PATHS = "$(inherited) @executable_path/Frameworks @loader_path/Frameworks";
				PRODUCT_BUNDLE_IDENTIFIER = "----.testUITests";
				PRODUCT_NAME = "$(TARGET_NAME)";
				TEST_TARGET_NAME = test;
				USES_XCTRUNNER = YES;
			};
			name = Release;
		};
/* End XCBuildConfiguration section */

/* Begin XCConfigurationList section */
		50D033121DCACF4F009523D6 /* Build configuration list for PBXProject "test" */ = {
			isa = XCConfigurationList;
			buildConfigurations = (
				50D033421DCACF4F009523D6 /* Debug */,
				50D033431DCACF4F009523D6 /* Release */,
			);
			defaultConfigurationIsVisible = 0;
			defaultConfigurationName = Release;
		};
		50D033441DCACF4F009523D6 /* Build configuration list for PBXNativeTarget "test" */ = {
			isa = XCConfigurationList;
			buildConfigurations = (
				50D033451DCACF4F009523D6 /* Debug */,
				50D033461DCACF4F009523D6 /* Release */,
			);
			defaultConfigurationIsVisible = 0;
		};
		50D033471DCACF4F009523D6 /* Build configuration list for PBXNativeTarget "testTests" */ = {
			isa = XCConfigurationList;
			buildConfigurations = (
				50D033481DCACF4F009523D6 /* Debug */,
				50D033491DCACF4F009523D6 /* Release */,
			);
			defaultConfigurationIsVisible = 0;
		};
		50D0334A1DCACF4F009523D6 /* Build configuration list for PBXNativeTarget "testUITests" */ = {
			isa = XCConfigurationList;
			buildConfigurations = (
				50D0334B1DCACF4F009523D6 /* Debug */,
				50D0334C1DCACF4F009523D6 /* Release */,
			);
			defaultConfigurationIsVisible = 0;
		};
/* End XCConfigurationList section */
	};
	rootObject = 50D0330F1DCACF4F009523D6 /* Project object */;
}
